<?xml version="1.0" encoding="utf-8"?>
<Project ToolsVersion="4.0" xmlns="http://schemas.microsoft.com/developer/msbuild/2003">
  <ItemGroup>
    <Filter Include="소스 파일">
      <UniqueIdentifier>{4FC737F1-C7A5-4376-A066-2A32D752A2FF}</UniqueIdentifier>
      <Extensions>cpp;c;cc;cxx;c++;cppm;ixx;def;odl;idl;hpj;bat;asm;asmx</Extensions>
    </Filter>
    <Filter Include="헤더 파일">
      <UniqueIdentifier>{93995380-89BD-4b04-88EB-625FBE52EBFB}</UniqueIdentifier>
      <Extensions>h;hh;hpp;hxx;h++;hm;inl;inc;ipp;xsd</Extensions>
    </Filter>
    <Filter Include="리소스 파일">
      <UniqueIdentifier>{67DA6AB6-F800-4c08-8B7A-83BB121AAD01}</UniqueIdentifier>
      <Extensions>rc;ico;cur;bmp;dlg;rc2;rct;bin;rgs;gif;jpg;jpeg;jpe;resx;tiff;tif;png;wav;mfcribbon-ms</Extensions>
    </Filter>
  </ItemGroup>
  <ItemGroup>
    <ClInclude Include="src\GraphicsPCH.h">
      <Filter>헤더 파일</Filter>
    </ClInclude>
    <ClInclude Include="inc\GraphicsModule\DepthStencilTexture.h">
      <Filter>헤더 파일</Filter>
    </ClInclude>
    <ClInclude Include="inc\GraphicsModule\IGraphicsEngine.h">
      <Filter>헤더 파일</Filter>
    </ClInclude>
    <ClInclude Include="inc\GraphicsModule\RenderTexture.h">
      <Filter>헤더 파일</Filter>
    </ClInclude>
    <ClInclude Include="inc\GraphicsModule\Texture.h">
      <Filter>헤더 파일</Filter>
    </ClInclude>
    <ClInclude Include="inc\GraphicsModule\Core\PipelineState.h">
      <Filter>헤더 파일</Filter>
    </ClInclude>
    <ClInclude Include="inc\GraphicsModule\Core\Device.h">
      <Filter>헤더 파일</Filter>
    </ClInclude>
    <ClInclude Include="inc\GraphicsModule\Window.h">
      <Filter>헤더 파일</Filter>
    </ClInclude>
    <ClInclude Include="inc\GraphicsModule\Core\DXGI\Adapter.h">
      <Filter>헤더 파일</Filter>
    </ClInclude>
    <ClInclude Include="inc\GraphicsModule\Core\DeviceContext.h">
      <Filter>헤더 파일</Filter>
    </ClInclude>
    <ClInclude Include="inc\GraphicsModule\Core\Buffer.h">
      <Filter>헤더 파일</Filter>
    </ClInclude>
    <ClInclude Include="inc\GraphicsModule\Core\SwapChain.h">
      <Filter>헤더 파일</Filter>
    </ClInclude>
    <ClInclude Include="inc\GraphicsModule\Core\ResourceView.h">
      <Filter>헤더 파일</Filter>
    </ClInclude>
    <ClInclude Include="inc\GraphicsModule\Core\RenderSystem.h">
      <Filter>헤더 파일</Filter>
    </ClInclude>
    <ClInclude Include="inc\GraphicsModule\Core\DX11\DX11RenderSystem.h">
      <Filter>헤더 파일</Filter>
    </ClInclude>
    <ClInclude Include="inc\GraphicsModule\Core\DX11\Direct3D11.h">
      <Filter>헤더 파일</Filter>
    </ClInclude>
    <ClInclude Include="inc\GraphicsModule\Core\DX11\DX11Device.h">
      <Filter>헤더 파일</Filter>
    </ClInclude>
    <ClInclude Include="inc\GraphicsModule\Core\DX11\DX11DeviceContext.h">
      <Filter>헤더 파일</Filter>
    </ClInclude>
    <ClInclude Include="inc\GraphicsModule\Core\DX11\DX11SwapChain.h">
      <Filter>헤더 파일</Filter>
    </ClInclude>
    <ClInclude Include="inc\GraphicsModule\Core\DeviceFlag.h">
      <Filter>헤더 파일</Filter>
    </ClInclude>
    <ClInclude Include="inc\GraphicsModule\Core\BufferFlags.h">
      <Filter>헤더 파일</Filter>
    </ClInclude>
    <ClInclude Include="inc\GraphicsModule\Core\DXGI\Factory.h">
      <Filter>헤더 파일</Filter>
    </ClInclude>
    <ClInclude Include="inc\GraphicsModule\Core\Common\ComPtr.h">
      <Filter>헤더 파일</Filter>
    </ClInclude>
    <ClInclude Include="inc\GraphicsModule\Core\DeviceContextFlag.h">
      <Filter>헤더 파일</Filter>
    </ClInclude>
    <ClInclude Include="inc\GraphicsModule\Core\DX11\DX11Texture.h">
      <Filter>헤더 파일</Filter>
    </ClInclude>
    <ClInclude Include="inc\GraphicsModule\Core\Texture.h">
      <Filter>헤더 파일</Filter>
    </ClInclude>
    <ClInclude Include="inc\GraphicsModule\Core\TextureFlags.h">
      <Filter>헤더 파일</Filter>
    </ClInclude>
    <ClInclude Include="inc\GraphicsModule\Core\DX11\DX11Buffer.h">
      <Filter>헤더 파일</Filter>
    </ClInclude>
    <ClInclude Include="inc\GraphicsModule\Core\Format.h">
      <Filter>헤더 파일</Filter>
    </ClInclude>
    <ClInclude Include="inc\GraphicsModule\Core\ResourceFlags.h">
      <Filter>헤더 파일</Filter>
    </ClInclude>
    <ClInclude Include="inc\GraphicsModule\Core\CommandBufferFlags.h">
      <Filter>헤더 파일</Filter>
    </ClInclude>
    <ClInclude Include="inc\GraphicsModule\Core\RenderTarget.h">
      <Filter>헤더 파일</Filter>
    </ClInclude>
    <ClInclude Include="inc\GraphicsModule\Core\RenderTargetFlags.h">
      <Filter>헤더 파일</Filter>
    </ClInclude>
    <ClInclude Include="inc\GraphicsModule\Core\DX11\DX11RenderTarget.h">
      <Filter>헤더 파일</Filter>
    </ClInclude>
    <ClInclude Include="inc\GraphicsModule\Core\PipelineStateFlags.h">
      <Filter>헤더 파일</Filter>
    </ClInclude>
    <ClInclude Include="inc\GraphicsModule\Core\Shader.h">
      <Filter>헤더 파일</Filter>
    </ClInclude>
    <ClInclude Include="inc\GraphicsModule\Core\DX11\DX11PipeLine.h">
      <Filter>헤더 파일</Filter>
    </ClInclude>
    <ClInclude Include="inc\GraphicsModule\Core\CommandBuffer.h">
      <Filter>헤더 파일</Filter>
    </ClInclude>
    <ClInclude Include="inc\GraphicsModule\Core\DX11\DX11CommandBuffer.h">
      <Filter>헤더 파일</Filter>
    </ClInclude>
    <ClInclude Include="inc\GraphicsModule\Core\StateManager.h">
      <Filter>헤더 파일</Filter>
    </ClInclude>
    <ClInclude Include="inc\GraphicsModule\Core\StateManagerFlags.h">
      <Filter>헤더 파일</Filter>
    </ClInclude>
    <ClInclude Include="inc\GraphicsModule\Core\DX11\DX11StateManager.h">
      <Filter>헤더 파일</Filter>
    </ClInclude>
    <ClInclude Include="inc\GraphicsModule\Core\ShaderFlags.h">
      <Filter>헤더 파일</Filter>
    </ClInclude>
    <ClInclude Include="inc\GraphicsModule\Core\DX11\DX11Type.h">
      <Filter>헤더 파일</Filter>
    </ClInclude>
    <ClInclude Include="inc\GraphicsModule\Core\DX11\DX11PipelineState.h">
      <Filter>헤더 파일</Filter>
    </ClInclude>
    <ClInclude Include="inc\GraphicsModule\Core\SwapChainFlags.h">
      <Filter>헤더 파일</Filter>
    </ClInclude>
    <ClInclude Include="inc\GraphicsModule\Core\SamplerFlags.h">
      <Filter>헤더 파일</Filter>
    </ClInclude>
    <ClInclude Include="inc\GraphicsModule\Core\RenderSystemFlags.h">
      <Filter>헤더 파일</Filter>
    </ClInclude>
    <ClInclude Include="inc\GraphicsModule\Utility\Helper.h">
      <Filter>헤더 파일</Filter>
    </ClInclude>
    <ClInclude Include="inc\GraphicsModule\Utility\Export.h">
      <Filter>헤더 파일</Filter>
    </ClInclude>
    <ClInclude Include="inc\GraphicsModule\Core\DX11\DX11ResourceFlags.h">
      <Filter>헤더 파일</Filter>
    </ClInclude>
    <ClInclude Include="inc\GraphicsModule\Core\Sampler.h">
      <Filter>헤더 파일</Filter>
    </ClInclude>
    <ClInclude Include="inc\GraphicsModule\Core\ImageFlags.h">
      <Filter>헤더 파일</Filter>
    </ClInclude>
    <ClInclude Include="inc\GraphicsModule\Core\RenderPass.h">
      <Filter>헤더 파일</Filter>
    </ClInclude>
    <ClInclude Include="inc\GraphicsModule\Core\RenderPassFlags.h">
      <Filter>헤더 파일</Filter>
    </ClInclude>
    <ClInclude Include="inc\GraphicsModule\Core\PipelineLayout.h">
      <Filter>헤더 파일</Filter>
    </ClInclude>
    <ClInclude Include="inc\GraphicsModule\Core\PipelineLayoutFlags.h">
      <Filter>헤더 파일</Filter>
    </ClInclude>
    <ClInclude Include="inc\GraphicsModule\Core\DX11\DX11PipelineLayout.h">
      <Filter>헤더 파일</Filter>
    </ClInclude>
    <ClInclude Include="inc\GraphicsModule\Core\DX11\DX11Sampler.h">
      <Filter>헤더 파일</Filter>
    </ClInclude>
    <ClInclude Include="inc\GraphicsModule\Core\DX11\DX11Shader.h">
      <Filter>헤더 파일</Filter>
    </ClInclude>
    <ClInclude Include="inc\GraphicsModule\Core\DX11\DX11RenderPass.h">
      <Filter>헤더 파일</Filter>
    </ClInclude>
    <ClInclude Include="inc\GraphicsModule\Core\Resource.h">
      <Filter>헤더 파일</Filter>
    </ClInclude>
    <ClInclude Include="inc\GraphicsModule\Core\DX11\DX11Utilitys.h">
      <Filter>헤더 파일</Filter>
    </ClInclude>
  </ItemGroup>
  <ItemGroup>
    <ClCompile Include="src\GraphicsModule\Graphics_dllmain.cpp">
      <Filter>소스 파일</Filter>
    </ClCompile>
    <ClCompile Include="src\GraphicsPCH.cpp">
      <Filter>소스 파일</Filter>
    </ClCompile>
    <ClCompile Include="src\GraphicsModule\Core\IDevice.cpp">
      <Filter>소스 파일</Filter>
    </ClCompile>
    <ClCompile Include="inc\GraphicsModule\DepthStencilTexture.cpp">
      <Filter>소스 파일</Filter>
    </ClCompile>
    <ClCompile Include="inc\GraphicsModule\RenderTexture.cpp">
      <Filter>소스 파일</Filter>
    </ClCompile>
    <ClCompile Include="inc\GraphicsModule\Texture.cpp">
      <Filter>소스 파일</Filter>
    </ClCompile>
    <ClCompile Include="src\GraphicsModule\Window.cpp">
      <Filter>소스 파일</Filter>
    </ClCompile>
    <ClCompile Include="src\GraphicsModule\Core\DX11\DX11Device.cpp">
      <Filter>소스 파일</Filter>
    </ClCompile>
    <ClCompile Include="src\GraphicsModule\Core\DX11\DX11DeviceContext.cpp">
      <Filter>소스 파일</Filter>
    </ClCompile>
    <ClCompile Include="src\GraphicsModule\Core\DX11\DX11RenderSystem.cpp">
      <Filter>소스 파일</Filter>
    </ClCompile>
    <ClCompile Include="src\GraphicsModule\Core\DX11\DX11SwapChain.cpp">
      <Filter>소스 파일</Filter>
    </ClCompile>
    <ClCompile Include="src\GraphicsModule\Core\DX11\DX11Texture.cpp">
      <Filter>소스 파일</Filter>
    </ClCompile>
    <ClCompile Include="src\GraphicsModule\Core\DX11\DX11Buffer.cpp">
      <Filter>소스 파일</Filter>
    </ClCompile>
    <ClCompile Include="src\GraphicsModule\Core\TextureFlags.cpp">
      <Filter>소스 파일</Filter>
    </ClCompile>
    <ClCompile Include="src\GraphicsModule\Core\RenderTarget.cpp">
      <Filter>소스 파일</Filter>
    </ClCompile>
    <ClCompile Include="src\GraphicsModule\Core\DX11\DX11RenderTarget.cpp">
      <Filter>소스 파일</Filter>
    </ClCompile>
    <ClCompile Include="src\GraphicsModule\Core\DX11\DX11CommandBuffer.cpp">
      <Filter>소스 파일</Filter>
    </ClCompile>
    <ClCompile Include="src\GraphicsModule\Core\DX11\DX11StateManager.cpp">
      <Filter>소스 파일</Filter>
    </ClCompile>
    <ClCompile Include="src\GraphicsModule\Utility\Helper.cpp">
      <Filter>소스 파일</Filter>
    </ClCompile>
    <ClCompile Include="src\GraphicsModule\Core\DX11\DX11PipelineState.cpp">
      <Filter>소스 파일</Filter>
    </ClCompile>
    <ClCompile Include="src\GraphicsModule\Core\DX11\DX11ResourceFlags.cpp">
      <Filter>소스 파일</Filter>
    </ClCompile>
    <ClCompile Include="src\GraphicsModule\Core\BufferFlags.cpp">
      <Filter>소스 파일</Filter>
    </ClCompile>
    <ClCompile Include="src\GraphicsModule\Core\Buffer.cpp">
      <Filter>소스 파일</Filter>
    </ClCompile>
    <ClCompile Include="src\GraphicsModule\Core\DX11\DX11Type.cpp">
      <Filter>소스 파일</Filter>
    </ClCompile>
    <ClCompile Include="src\GraphicsModule\Core\DX11\DX11PipelineLayout.cpp">
      <Filter>소스 파일</Filter>
    </ClCompile>
    <ClCompile Include="src\GraphicsModule\Core\Sampler.cpp">
      <Filter>소스 파일</Filter>
    </ClCompile>
    <ClCompile Include="src\GraphicsModule\Core\DX11\DX11Sampler.cpp">
      <Filter>소스 파일</Filter>
    </ClCompile>
    <ClCompile Include="src\GraphicsModule\Core\DX11\DX11Utilitys.cpp">
      <Filter>소스 파일</Filter>
    </ClCompile>
  </ItemGroup>
</Project>