<?xml version="1.0" encoding="utf-8"?>
<Project ToolsVersion="4.0" xmlns="http://schemas.microsoft.com/developer/msbuild/2003">
  <ItemGroup>
    <Filter Include="소스 파일">
      <UniqueIdentifier>{4FC737F1-C7A5-4376-A066-2A32D752A2FF}</UniqueIdentifier>
      <Extensions>cpp;c;cc;cxx;c++;cppm;ixx;def;odl;idl;hpj;bat;asm;asmx</Extensions>
    </Filter>
    <Filter Include="헤더 파일">
      <UniqueIdentifier>{93995380-89BD-4b04-88EB-625FBE52EBFB}</UniqueIdentifier>
      <Extensions>h;hh;hpp;hxx;h++;hm;inl;inc;ipp;xsd</Extensions>
    </Filter>
    <Filter Include="리소스 파일">
      <UniqueIdentifier>{67DA6AB6-F800-4c08-8B7A-83BB121AAD01}</UniqueIdentifier>
      <Extensions>rc;ico;cur;bmp;dlg;rc2;rct;bin;rgs;gif;jpg;jpeg;jpe;resx;tiff;tif;png;wav;mfcribbon-ms</Extensions>
    </Filter>
  </ItemGroup>
  <ItemGroup>
    <ClInclude Include="src\GraphicsPCH.h">
      <Filter>헤더 파일</Filter>
    </ClInclude>
    <ClInclude Include="inc\GraphicsModule\RenderCommon\IDevice.h">
      <Filter>헤더 파일</Filter>
    </ClInclude>
    <ClInclude Include="inc\GraphicsModule\RenderCommon\ISwapChain.h">
      <Filter>헤더 파일</Filter>
    </ClInclude>
    <ClInclude Include="inc\GraphicsModule\RenderCore\DX11\ConstBuffer.h">
      <Filter>헤더 파일</Filter>
    </ClInclude>
    <ClInclude Include="inc\GraphicsModule\RenderCore\DX11\ID3D11.h">
      <Filter>헤더 파일</Filter>
    </ClInclude>
    <ClInclude Include="inc\GraphicsModule\RenderCore\DX11\IncludeDX11.h">
      <Filter>헤더 파일</Filter>
    </ClInclude>
    <ClInclude Include="inc\GraphicsModule\RenderCore\DX11\IndexBuffer.h">
      <Filter>헤더 파일</Filter>
    </ClInclude>
    <ClInclude Include="inc\GraphicsModule\RenderCore\DX11\IResource.h">
      <Filter>헤더 파일</Filter>
    </ClInclude>
    <ClInclude Include="inc\GraphicsModule\RenderCore\DX11\MeshBuffer.h">
      <Filter>헤더 파일</Filter>
    </ClInclude>
    <ClInclude Include="inc\GraphicsModule\RenderCore\DX11\Object.h">
      <Filter>헤더 파일</Filter>
    </ClInclude>
    <ClInclude Include="inc\GraphicsModule\RenderCore\DX11\ObjectFactory.h">
      <Filter>헤더 파일</Filter>
    </ClInclude>
    <ClInclude Include="inc\GraphicsModule\RenderCore\DX11\Shader.h">
      <Filter>헤더 파일</Filter>
    </ClInclude>
    <ClInclude Include="inc\GraphicsModule\RenderCore\DX11\Texture.h">
      <Filter>헤더 파일</Filter>
    </ClInclude>
    <ClInclude Include="inc\GraphicsModule\RenderCore\DX11\VertexBuffer.h">
      <Filter>헤더 파일</Filter>
    </ClInclude>
    <ClInclude Include="inc\GraphicsModule\RenderCore\DX12\ID3D12.h">
      <Filter>헤더 파일</Filter>
    </ClInclude>
    <ClInclude Include="inc\GraphicsModule\RenderCore\ID3D.h">
      <Filter>헤더 파일</Filter>
    </ClInclude>
    <ClInclude Include="inc\GraphicsModule\DepthStencilTexture.h">
      <Filter>헤더 파일</Filter>
    </ClInclude>
    <ClInclude Include="inc\GraphicsModule\IGraphicsEngine.h">
      <Filter>헤더 파일</Filter>
    </ClInclude>
    <ClInclude Include="inc\GraphicsModule\RenderTexture.h">
      <Filter>헤더 파일</Filter>
    </ClInclude>
    <ClInclude Include="inc\GraphicsModule\Texture.h">
      <Filter>헤더 파일</Filter>
    </ClInclude>
    <ClInclude Include="inc\GraphicsModule\Core\RenderPipeLine.h">
      <Filter>헤더 파일</Filter>
    </ClInclude>
    <ClInclude Include="inc\GraphicsModule\RenderCore\DX11\Buffer.h">
      <Filter>헤더 파일</Filter>
    </ClInclude>
    <ClInclude Include="inc\GraphicsModule\RenderCore\DX11\DepthStencilView.h">
      <Filter>헤더 파일</Filter>
    </ClInclude>
    <ClInclude Include="inc\GraphicsModule\RenderCore\DX11\Device.h">
      <Filter>헤더 파일</Filter>
    </ClInclude>
    <ClInclude Include="inc\GraphicsModule\RenderCore\DX11\DeviceContext.h">
      <Filter>헤더 파일</Filter>
    </ClInclude>
    <ClInclude Include="inc\GraphicsModule\RenderCore\DX11\InputLayout.h">
      <Filter>헤더 파일</Filter>
    </ClInclude>
    <ClInclude Include="inc\GraphicsModule\RenderCore\DX11\RenderTargetView.h">
      <Filter>헤더 파일</Filter>
    </ClInclude>
    <ClInclude Include="inc\GraphicsModule\RenderCore\DX11\ShaderResourceView.h">
      <Filter>헤더 파일</Filter>
    </ClInclude>
    <ClInclude Include="inc\GraphicsModule\RenderCore\DX11\State.h">
      <Filter>헤더 파일</Filter>
    </ClInclude>
    <ClInclude Include="inc\GraphicsModule\RenderCore\DX11\SwapChain.h">
      <Filter>헤더 파일</Filter>
    </ClInclude>
    <ClInclude Include="inc\GraphicsModule\Core\Device.h">
      <Filter>헤더 파일</Filter>
    </ClInclude>
    <ClInclude Include="inc\GraphicsModule\Window.h">
      <Filter>헤더 파일</Filter>
    </ClInclude>
    <ClInclude Include="inc\GraphicsModule\Core\DXGI\Adapter.h">
      <Filter>헤더 파일</Filter>
    </ClInclude>
    <ClInclude Include="inc\GraphicsModule\Core\DeviceContext.h">
      <Filter>헤더 파일</Filter>
    </ClInclude>
    <ClInclude Include="inc\GraphicsModule\Core\Buffer.h">
      <Filter>헤더 파일</Filter>
    </ClInclude>
    <ClInclude Include="inc\GraphicsModule\Core\SwapChain.h">
      <Filter>헤더 파일</Filter>
    </ClInclude>
    <ClInclude Include="inc\GraphicsModule\Core\ResourceView.h">
      <Filter>헤더 파일</Filter>
    </ClInclude>
    <ClInclude Include="inc\GraphicsModule\Core\RenderSystem.h">
      <Filter>헤더 파일</Filter>
    </ClInclude>
    <ClInclude Include="inc\GraphicsModule\Core\DX11\DX11RenderSystem.h">
      <Filter>헤더 파일</Filter>
    </ClInclude>
    <ClInclude Include="inc\GraphicsModule\Core\DX11\Direct3D11.h">
      <Filter>헤더 파일</Filter>
    </ClInclude>
    <ClInclude Include="inc\GraphicsModule\Core\DX11\DX11Device.h">
      <Filter>헤더 파일</Filter>
    </ClInclude>
    <ClInclude Include="inc\GraphicsModule\Core\DX11\DX11DeviceContext.h">
      <Filter>헤더 파일</Filter>
    </ClInclude>
    <ClInclude Include="inc\GraphicsModule\Core\DX11\DX11SwapChain.h">
      <Filter>헤더 파일</Filter>
    </ClInclude>
    <ClInclude Include="inc\GraphicsModule\Core\DeviceFlag.h">
      <Filter>헤더 파일</Filter>
    </ClInclude>
    <ClInclude Include="inc\GraphicsModule\Core\BufferFlag.h">
      <Filter>헤더 파일</Filter>
    </ClInclude>
    <ClInclude Include="inc\GraphicsModule\Core\DXGI\Factory.h">
      <Filter>헤더 파일</Filter>
    </ClInclude>
    <ClInclude Include="inc\GraphicsModule\Core\Common\ComPtr.h">
      <Filter>헤더 파일</Filter>
    </ClInclude>
    <ClInclude Include="inc\GraphicsModule\Core\DeviceContextFlag.h">
      <Filter>헤더 파일</Filter>
    </ClInclude>
    <ClInclude Include="inc\GraphicsModule\Core\DX11\DX11Texture.h">
      <Filter>헤더 파일</Filter>
    </ClInclude>
    <ClInclude Include="inc\GraphicsModule\Core\Texture.h">
      <Filter>헤더 파일</Filter>
    </ClInclude>
    <ClInclude Include="inc\GraphicsModule\Core\TextureFlag.h">
      <Filter>헤더 파일</Filter>
    </ClInclude>
  </ItemGroup>
  <ItemGroup>
    <ClCompile Include="src\GraphicsModule\Graphics_dllmain.cpp">
      <Filter>소스 파일</Filter>
    </ClCompile>
    <ClCompile Include="src\GraphicsPCH.cpp">
      <Filter>소스 파일</Filter>
    </ClCompile>
    <ClCompile Include="src\GraphicsModule\Core\IDevice.cpp">
      <Filter>소스 파일</Filter>
    </ClCompile>
    <ClCompile Include="inc\GraphicsModule\RenderCore\DX11\Device.cpp">
      <Filter>소스 파일</Filter>
    </ClCompile>
    <ClCompile Include="inc\GraphicsModule\DepthStencilTexture.cpp">
      <Filter>소스 파일</Filter>
    </ClCompile>
    <ClCompile Include="inc\GraphicsModule\RenderTexture.cpp">
      <Filter>소스 파일</Filter>
    </ClCompile>
    <ClCompile Include="inc\GraphicsModule\Texture.cpp">
      <Filter>소스 파일</Filter>
    </ClCompile>
    <ClCompile Include="src\GraphicsModule\Core\RenderPipeLine.cpp">
      <Filter>소스 파일</Filter>
    </ClCompile>
    <ClCompile Include="src\GraphicsModule\DX11\Buffer.cpp">
      <Filter>소스 파일</Filter>
    </ClCompile>
    <ClCompile Include="src\GraphicsModule\DX11\ConstBuffer.cpp">
      <Filter>소스 파일</Filter>
    </ClCompile>
    <ClCompile Include="src\GraphicsModule\DX11\DepthStencilView.cpp">
      <Filter>소스 파일</Filter>
    </ClCompile>
    <ClCompile Include="src\GraphicsModule\DX11\DeviceContext.cpp">
      <Filter>소스 파일</Filter>
    </ClCompile>
    <ClCompile Include="src\GraphicsModule\DX11\IndexBuffer.cpp">
      <Filter>소스 파일</Filter>
    </ClCompile>
    <ClCompile Include="src\GraphicsModule\DX11\InputLayout.cpp">
      <Filter>소스 파일</Filter>
    </ClCompile>
    <ClCompile Include="src\GraphicsModule\DX11\MeshBuffer.cpp">
      <Filter>소스 파일</Filter>
    </ClCompile>
    <ClCompile Include="src\GraphicsModule\DX11\Object.cpp">
      <Filter>소스 파일</Filter>
    </ClCompile>
    <ClCompile Include="src\GraphicsModule\DX11\ObjectFactory.cpp">
      <Filter>소스 파일</Filter>
    </ClCompile>
    <ClCompile Include="src\GraphicsModule\DX11\RenderTargetView.cpp">
      <Filter>소스 파일</Filter>
    </ClCompile>
    <ClCompile Include="src\GraphicsModule\DX11\Shader.cpp">
      <Filter>소스 파일</Filter>
    </ClCompile>
    <ClCompile Include="src\GraphicsModule\DX11\ShaderResourceView.cpp">
      <Filter>소스 파일</Filter>
    </ClCompile>
    <ClCompile Include="src\GraphicsModule\DX11\State.cpp">
      <Filter>소스 파일</Filter>
    </ClCompile>
    <ClCompile Include="src\GraphicsModule\DX11\SwapChain.cpp">
      <Filter>소스 파일</Filter>
    </ClCompile>
    <ClCompile Include="src\GraphicsModule\DX11\Texture.cpp">
      <Filter>소스 파일</Filter>
    </ClCompile>
    <ClCompile Include="src\GraphicsModule\DX11\VertexBuffer.cpp">
      <Filter>소스 파일</Filter>
    </ClCompile>
    <ClCompile Include="src\GraphicsModule\Window.cpp">
      <Filter>소스 파일</Filter>
    </ClCompile>
    <ClCompile Include="src\GraphicsModule\Core\DX11\DX11Device.cpp">
      <Filter>소스 파일</Filter>
    </ClCompile>
    <ClCompile Include="src\GraphicsModule\Core\DX11\DX11DeviceContext.cpp">
      <Filter>소스 파일</Filter>
    </ClCompile>
    <ClCompile Include="src\GraphicsModule\Core\DX11\DX11RenderSystem.cpp">
      <Filter>소스 파일</Filter>
    </ClCompile>
    <ClCompile Include="src\GraphicsModule\Core\DX11\DX11SwapChain.cpp">
      <Filter>소스 파일</Filter>
    </ClCompile>
    <ClCompile Include="src\GraphicsModule\Core\DX11\DX11Texture.cpp">
      <Filter>소스 파일</Filter>
    </ClCompile>
  </ItemGroup>
</Project>