<?xml version="1.0" encoding="utf-8"?>
<Project ToolsVersion="4.0" xmlns="http://schemas.microsoft.com/developer/msbuild/2003">
  <ItemGroup>
    <Filter Include="소스 파일">
      <UniqueIdentifier>{4FC737F1-C7A5-4376-A066-2A32D752A2FF}</UniqueIdentifier>
      <Extensions>cpp;c;cc;cxx;c++;cppm;ixx;def;odl;idl;hpj;bat;asm;asmx</Extensions>
    </Filter>
    <Filter Include="헤더 파일">
      <UniqueIdentifier>{93995380-89BD-4b04-88EB-625FBE52EBFB}</UniqueIdentifier>
      <Extensions>h;hh;hpp;hxx;h++;hm;inl;inc;ipp;xsd</Extensions>
    </Filter>
    <Filter Include="리소스 파일">
      <UniqueIdentifier>{67DA6AB6-F800-4c08-8B7A-83BB121AAD01}</UniqueIdentifier>
      <Extensions>rc;ico;cur;bmp;dlg;rc2;rct;bin;rgs;gif;jpg;jpeg;jpe;resx;tiff;tif;png;wav;mfcribbon-ms</Extensions>
    </Filter>
  </ItemGroup>
  <ItemGroup>
    <ClInclude Include="src\GraphicsEnginePCH.h">
      <Filter>헤더 파일</Filter>
    </ClInclude>
    <ClInclude Include="inc\GraphicsEngine\GraphicsEngine.h">
      <Filter>헤더 파일</Filter>
    </ClInclude>
    <ClInclude Include="inc\GraphicsEngine\RenderPass\RenderPass.h">
      <Filter>헤더 파일</Filter>
    </ClInclude>
    <ClInclude Include="inc\GraphicsEngine\RenderObject.h">
      <Filter>헤더 파일</Filter>
    </ClInclude>
    <ClInclude Include="inc\GraphicsEngine\Resource\MaterialBuffer.h">
      <Filter>헤더 파일</Filter>
    </ClInclude>
    <ClInclude Include="inc\GraphicsEngine\Resource\ResourceBuffer.h">
      <Filter>헤더 파일</Filter>
    </ClInclude>
    <ClInclude Include="inc\GraphicsEngine\Resource\MeshBuffer.h">
      <Filter>헤더 파일</Filter>
    </ClInclude>
    <ClInclude Include="inc\GraphicsEngine\Resource\ResourceManager.h">
      <Filter>헤더 파일</Filter>
    </ClInclude>
    <ClInclude Include="inc\GraphicsEngine\GraphicsEngineFlags.h">
      <Filter>헤더 파일</Filter>
    </ClInclude>
    <ClInclude Include="inc\GraphicsEngine\Export.h">
      <Filter>헤더 파일</Filter>
    </ClInclude>
    <ClInclude Include="src\GraphicsEngine\Json\JsonTable.h">
      <Filter>헤더 파일</Filter>
    </ClInclude>
    <ClInclude Include="src\GraphicsEngine\Json\JsonMacros.h">
      <Filter>헤더 파일</Filter>
    </ClInclude>
    <ClInclude Include="inc\GraphicsEngine\Resource\MaterialFlags.h">
      <Filter>헤더 파일</Filter>
    </ClInclude>
    <ClInclude Include="inc\GraphicsEngine\Resource\CameraBuffer.h">
      <Filter>헤더 파일</Filter>
    </ClInclude>
    <ClInclude Include="inc\GraphicsEngine\Resource\ConstantBuffer.h">
      <Filter>헤더 파일</Filter>
    </ClInclude>
    <ClInclude Include="inc\GraphicsEngine\Resource\LightBuffer.h">
      <Filter>헤더 파일</Filter>
    </ClInclude>
    <ClInclude Include="inc\GraphicsEngine\RenderPass\RenderPassFlags.h">
      <Filter>헤더 파일</Filter>
    </ClInclude>
    <ClInclude Include="inc\GraphicsEngine\RenderPass\IBL.h">
      <Filter>헤더 파일</Filter>
    </ClInclude>
    <ClInclude Include="inc\GraphicsEngine\RenderPass\Light.h">
      <Filter>헤더 파일</Filter>
    </ClInclude>
    <ClInclude Include="inc\GraphicsEngine\RenderPass\PostProcess.h">
      <Filter>헤더 파일</Filter>
    </ClInclude>
    <ClInclude Include="inc\GraphicsEngine\RenderPass\Deferred.h">
      <Filter>헤더 파일</Filter>
    </ClInclude>
    <ClInclude Include="inc\GraphicsEngine\Culling\Frustum.h">
      <Filter>헤더 파일</Filter>
    </ClInclude>
    <ClInclude Include="inc\GraphicsEngine\Culling\Occlusion.h">
      <Filter>헤더 파일</Filter>
    </ClInclude>
    <ClInclude Include="inc\GraphicsEngine\RenderQueue\RenderQueue.h">
      <Filter>헤더 파일</Filter>
    </ClInclude>
    <ClInclude Include="inc\GraphicsEngine\RenderPass\DebugDeferred.h">
      <Filter>헤더 파일</Filter>
    </ClInclude>
    <ClInclude Include="inc\GraphicsEngine\RenderPass\Sky.h">
      <Filter>헤더 파일</Filter>
    </ClInclude>
    <ClInclude Include="inc\GraphicsEngine\RenderPass\Voxel.h">
      <Filter>헤더 파일</Filter>
    </ClInclude>
  </ItemGroup>
  <ItemGroup>
    <ClCompile Include="src\GraphicsEngine_dllmain.cpp">
      <Filter>소스 파일</Filter>
    </ClCompile>
    <ClCompile Include="src\GraphicsEnginePCH.cpp">
      <Filter>소스 파일</Filter>
    </ClCompile>
    <ClCompile Include="src\GraphicsEngine\GraphicsEngine.cpp">
      <Filter>소스 파일</Filter>
    </ClCompile>
    <ClCompile Include="src\GraphicsEngine\RenderPass\RenderPass.cpp">
      <Filter>소스 파일</Filter>
    </ClCompile>
    <ClCompile Include="src\GraphicsEngine\RenderObject.cpp">
      <Filter>소스 파일</Filter>
    </ClCompile>
    <ClCompile Include="src\GraphicsEngine\Resource\MaterialBuffer.cpp">
      <Filter>소스 파일</Filter>
    </ClCompile>
    <ClCompile Include="src\GraphicsEngine\Resource\ResourceBuffer.cpp">
      <Filter>소스 파일</Filter>
    </ClCompile>
    <ClCompile Include="src\GraphicsEngine\Resource\MeshBuffer.cpp">
      <Filter>소스 파일</Filter>
    </ClCompile>
    <ClCompile Include="src\GraphicsEngine\Resource\ResourceManager.cpp">
      <Filter>소스 파일</Filter>
    </ClCompile>
    <ClCompile Include="src\GraphicsEngine\Json\JsonTable.cpp">
      <Filter>소스 파일</Filter>
    </ClCompile>
    <ClCompile Include="src\GraphicsEngine\Resource\CameraBuffer.cpp">
      <Filter>소스 파일</Filter>
    </ClCompile>
    <ClCompile Include="src\GraphicsEngine\Resource\LightBuffer.cpp">
      <Filter>소스 파일</Filter>
    </ClCompile>
    <ClCompile Include="src\GraphicsEngine\RenderPass\IBL.cpp">
      <Filter>소스 파일</Filter>
    </ClCompile>
    <ClCompile Include="src\GraphicsEngine\RenderPass\Light.cpp">
      <Filter>소스 파일</Filter>
    </ClCompile>
    <ClCompile Include="src\GraphicsEngine\RenderPass\Deferred.cpp">
      <Filter>소스 파일</Filter>
    </ClCompile>
    <ClCompile Include="src\GraphicsEngine\RenderPass\PostProcess.cpp">
      <Filter>소스 파일</Filter>
    </ClCompile>
    <ClCompile Include="src\GraphicsEngine\Culling\Frustum.cpp">
      <Filter>소스 파일</Filter>
    </ClCompile>
    <ClCompile Include="src\GraphicsEngine\Culling\Occlusion.cpp">
      <Filter>소스 파일</Filter>
    </ClCompile>
    <ClCompile Include="src\GraphicsEngine\RenderQueue\RenderQueue.cpp">
      <Filter>소스 파일</Filter>
    </ClCompile>
    <ClCompile Include="src\GraphicsEngine\RenderPass\DebugDeferred.cpp">
      <Filter>소스 파일</Filter>
    </ClCompile>
    <ClCompile Include="src\GraphicsEngine\RenderPass\Sky.cpp">
      <Filter>소스 파일</Filter>
    </ClCompile>
    <ClCompile Include="src\GraphicsEngine\RenderPass\Voxel.cpp">
      <Filter>소스 파일</Filter>
    </ClCompile>
  </ItemGroup>
  <ItemGroup>
    <None Include="Shader\Header\H_ConstBuffer.hlsli" />
    <None Include="Shader\Header\H_Struct.hlsli" />
    <None Include="Shader\Header\H_Input.hlsli" />
    <None Include="Shader\Header\H_PBR.hlsli" />
    <None Include="Shader\Header\H_Light.hlsli" />
    <None Include="Shader\Header\H_Shadow.hlsli" />
    <None Include="Shader\Header\H_MathHelper.hlsli" />
    <None Include="Shader\Header\H_Voxel.hlsli" />
  </ItemGroup>
  <ItemGroup>
    <FxCompile Include="Shader\VS_Mesh.hlsl" />
    <FxCompile Include="Shader\PS_Deferred.hlsl" />
    <FxCompile Include="Shader\PS_Light.hlsl" />
    <FxCompile Include="Shader\PS_SkyBox.hlsl" />
    <FxCompile Include="Shader\VS_SkyBox.hlsl" />
    <FxCompile Include="Shader\PS_Screen.hlsl" />
    <FxCompile Include="Shader\PS_PreFiltered.hlsl" />
    <FxCompile Include="Shader\GS_IBL.hlsl" />
    <FxCompile Include="Shader\VS_IBL.hlsl" />
    <FxCompile Include="Shader\PS_Irradiance.hlsl" />
    <FxCompile Include="Shader\PS_IntegrateBRDF.hlsl" />
    <FxCompile Include="Shader\GS_Cascaded.hlsl" />
    <FxCompile Include="Shader\VS_Shadow.hlsl" />
    <FxCompile Include="Shader\GS_PointShadow.hlsl">
      <Filter>소스 파일</Filter>
    </FxCompile>
    <FxCompile Include="Shader\GS_SpotShadow.hlsl" />
    <FxCompile Include="Shader\PS_SSR.hlsl" />
    <FxCompile Include="Shader\VS_SSR.hlsl" />
    <FxCompile Include="Shader\PS_ToneMap.hlsl" />
    <FxCompile Include="Shader\VS_Voxelization.hlsl" />
    <FxCompile Include="Shader\GS_Voxelization.hlsl" />
    <FxCompile Include="Shader\PS_Voxelization.hlsl" />
    <FxCompile Include="Shader\CS_VoxelCopy.hlsl" />
    <FxCompile Include="Shader\VS_VoxelDebug.hlsl" />
    <FxCompile Include="Shader\GS_VoxelDebug.hlsl" />
    <FxCompile Include="Shader\PS_VoxelDebug.hlsl" />
    <FxCompile Include="Shader\GS_VoxelLineDebug.hlsl" />
  </ItemGroup>
</Project>