<?xml version="1.0" encoding="utf-8"?>
<Project ToolsVersion="4.0" xmlns="http://schemas.microsoft.com/developer/msbuild/2003">
  <ItemGroup>
    <Filter Include="RenderCore">
      <UniqueIdentifier>{4ac66ebc-14a3-49d3-9ab1-831b5191263c}</UniqueIdentifier>
    </Filter>
    <Filter Include="RenderCore\DX12">
      <UniqueIdentifier>{6d1d769e-25c8-4bf9-a905-c51151f59619}</UniqueIdentifier>
    </Filter>
    <Filter Include="DLL">
      <UniqueIdentifier>{74f32c25-5479-4ee6-9476-7a0fc9ee933c}</UniqueIdentifier>
    </Filter>
    <Filter Include="RenderCommon">
      <UniqueIdentifier>{2a4631dc-aac3-4974-8851-f373500dcff2}</UniqueIdentifier>
    </Filter>
    <Filter Include="RenderCore\DX11">
      <UniqueIdentifier>{a0fbe5bc-74ec-42dd-bd62-96aeb1ce7822}</UniqueIdentifier>
    </Filter>
    <Filter Include="RenderCore\DX11\Device">
      <UniqueIdentifier>{b0dd5c6c-3903-42ff-989d-a281c7cf1daf}</UniqueIdentifier>
    </Filter>
    <Filter Include="RenderCore\DX11\Object">
      <UniqueIdentifier>{00376f6a-11ab-41a5-85c8-c737428458a0}</UniqueIdentifier>
    </Filter>
    <Filter Include="RenderCore\DX11\Resource">
      <UniqueIdentifier>{3f6b2b05-4256-4fb4-a48e-faabbcaa6f16}</UniqueIdentifier>
    </Filter>
    <Filter Include="RenderCore\DX11\Resource\Buffer">
      <UniqueIdentifier>{374b1beb-0619-4203-848a-173c27cad90d}</UniqueIdentifier>
    </Filter>
    <Filter Include="RenderCore\DX11\Resource\View">
      <UniqueIdentifier>{c7a86fb0-0825-4b67-bef1-fbb971633d89}</UniqueIdentifier>
    </Filter>
    <Filter Include="RenderCore\DX11\ObjectFactory">
      <UniqueIdentifier>{be9281e5-639f-409f-8790-cb271cf2c07e}</UniqueIdentifier>
    </Filter>
    <Filter Include="RenderCore\DX11\Resource\Buffer\IndexBuffer">
      <UniqueIdentifier>{50873852-cf1e-42a9-bc9e-081dd806bad7}</UniqueIdentifier>
    </Filter>
    <Filter Include="RenderCore\DX11\Resource\Buffer\ConstBuffer">
      <UniqueIdentifier>{b075a5a0-2d88-4555-a8ae-95eefbbe718c}</UniqueIdentifier>
    </Filter>
    <Filter Include="RenderCore\DX11\Resource\Buffer\InstanceBuffer">
      <UniqueIdentifier>{11154309-39fb-4435-8b58-c45cf4a0b3ca}</UniqueIdentifier>
    </Filter>
    <Filter Include="RenderCore\DX11\Resource\Buffer\VertexBuffer">
      <UniqueIdentifier>{15fe3e26-5e33-430f-b9a9-6d770b1ebf43}</UniqueIdentifier>
    </Filter>
    <Filter Include="RenderCore\DX11\Resource\View\RenderTargetView">
      <UniqueIdentifier>{60bcd911-0969-4ea2-814a-5880d8cc976e}</UniqueIdentifier>
    </Filter>
    <Filter Include="RenderCore\DX11\Resource\View\DepthStencilView">
      <UniqueIdentifier>{15befff7-2f99-4511-a21c-8142150dd22d}</UniqueIdentifier>
    </Filter>
    <Filter Include="RenderCore\DX11\Shader">
      <UniqueIdentifier>{428ecc7d-e7d6-4eb4-86c2-355b0cbaf8f6}</UniqueIdentifier>
    </Filter>
    <Filter Include="RenderCore\DX11\SwapChain">
      <UniqueIdentifier>{5456436d-e16f-47f8-ba0d-a294f10ee09f}</UniqueIdentifier>
    </Filter>
    <Filter Include="RenderCore\DX11\Resource\Texture">
      <UniqueIdentifier>{94fd91cd-3e2b-4014-b487-ac60c224a75a}</UniqueIdentifier>
    </Filter>
    <Filter Include="RenderCore\DX11\Resource\MeshBuffer">
      <UniqueIdentifier>{c08415b4-f8e4-4d2d-a773-8d8fa063ad69}</UniqueIdentifier>
    </Filter>
    <Filter Include="RenderCore\DX11\Resource\View\ShaderResourceView">
      <UniqueIdentifier>{165d765c-7097-44b1-9284-ffbf5a09dd9b}</UniqueIdentifier>
    </Filter>
    <Filter Include="RenderCore\DX11\DeviceContext">
      <UniqueIdentifier>{fb6f462d-95cf-4028-89a0-6707f9ddbcd6}</UniqueIdentifier>
    </Filter>
    <Filter Include="RenderCore\DX11\State">
      <UniqueIdentifier>{b3a35932-27e0-447f-a119-e3c0b1a06330}</UniqueIdentifier>
    </Filter>
  </ItemGroup>
  <ItemGroup>
    <ClCompile Include="dllmain.cpp">
      <Filter>DLL</Filter>
    </ClCompile>
    <ClCompile Include="pch.cpp">
      <Filter>DLL</Filter>
    </ClCompile>
    <ClCompile Include="RenderCore\DX11\Device.cpp">
      <Filter>RenderCore\DX11\Device</Filter>
    </ClCompile>
    <ClCompile Include="RenderCore\DX11\DeviceContext.cpp">
      <Filter>RenderCore\DX11\DeviceContext</Filter>
    </ClCompile>
    <ClCompile Include="RenderCore\DX11\Buffer.cpp">
      <Filter>RenderCore\DX11\Resource\Buffer</Filter>
    </ClCompile>
    <ClCompile Include="RenderCore\DX11\ObjectFactory.cpp">
      <Filter>RenderCore\DX11\ObjectFactory</Filter>
    </ClCompile>
    <ClCompile Include="RenderCore\DX11\Object.cpp">
      <Filter>RenderCore\DX11\Object</Filter>
    </ClCompile>
    <ClCompile Include="RenderCore\DX11\VertexBuffer.cpp">
      <Filter>RenderCore\DX11\Resource\Buffer\VertexBuffer</Filter>
    </ClCompile>
    <ClCompile Include="RenderCore\DX11\ConstBuffer.cpp">
      <Filter>RenderCore\DX11\Resource\Buffer\ConstBuffer</Filter>
    </ClCompile>
    <ClCompile Include="RenderCore\DX11\IndexBuffer.cpp">
      <Filter>RenderCore\DX11\Resource\Buffer\IndexBuffer</Filter>
    </ClCompile>
    <ClCompile Include="RenderCore\DX11\RenderTargetView.cpp">
      <Filter>RenderCore\DX11\Resource\View\RenderTargetView</Filter>
    </ClCompile>
    <ClCompile Include="RenderCore\DX11\DepthStencilView.cpp">
      <Filter>RenderCore\DX11\Resource\View\DepthStencilView</Filter>
    </ClCompile>
    <ClCompile Include="RenderCore\DX11\Shader.cpp">
      <Filter>RenderCore\DX11\Shader</Filter>
    </ClCompile>
    <ClCompile Include="RenderCore\DX11\SwapChain.cpp">
      <Filter>RenderCore\DX11\SwapChain</Filter>
    </ClCompile>
    <ClCompile Include="RenderCore\DX11\Texture.cpp">
      <Filter>RenderCore\DX11\Resource\Texture</Filter>
    </ClCompile>
    <ClCompile Include="RenderCore\DX11\MeshBuffer.cpp">
      <Filter>RenderCore\DX11\Resource\MeshBuffer</Filter>
    </ClCompile>
    <ClCompile Include="RenderCore\DX11\ShaderResourceView.cpp">
      <Filter>RenderCore\DX11\Resource\View\ShaderResourceView</Filter>
    </ClCompile>
    <ClCompile Include="RenderCore\DX11\InputLayout.cpp" />
    <ClCompile Include="RenderCore\DX11\State.cpp">
      <Filter>RenderCore\DX11\State</Filter>
    </ClCompile>
  </ItemGroup>
  <ItemGroup>
    <ClInclude Include="pch.h">
      <Filter>DLL</Filter>
    </ClInclude>
    <ClInclude Include="framework.h">
      <Filter>DLL</Filter>
    </ClInclude>
    <ClInclude Include="RenderCore\DX11\ID3D11.h">
      <Filter>RenderCore\DX11</Filter>
    </ClInclude>
    <ClInclude Include="RenderCore\DX12\ID3D12.h">
      <Filter>RenderCore\DX12</Filter>
    </ClInclude>
    <ClInclude Include="RenderCore\ID3D.h">
      <Filter>RenderCore</Filter>
    </ClInclude>
    <ClInclude Include="RenderCommon\IDevice.h">
      <Filter>RenderCommon</Filter>
    </ClInclude>
    <ClInclude Include="RenderCommon\ISwapChain.h">
      <Filter>RenderCommon</Filter>
    </ClInclude>
    <ClInclude Include="RenderCore\DX11\Device.h">
      <Filter>RenderCore\DX11\Device</Filter>
    </ClInclude>
    <ClInclude Include="RenderCore\DX11\DeviceContext.h">
      <Filter>RenderCore\DX11\DeviceContext</Filter>
    </ClInclude>
    <ClInclude Include="RenderCore\DX11\Buffer.h">
      <Filter>RenderCore\DX11\Resource\Buffer</Filter>
    </ClInclude>
    <ClInclude Include="resource.h" />
    <ClInclude Include="RenderCore\DX11\ObjectFactory.h">
      <Filter>RenderCore\DX11\ObjectFactory</Filter>
    </ClInclude>
    <ClInclude Include="RenderCore\DX11\Object.h">
      <Filter>RenderCore\DX11\Object</Filter>
    </ClInclude>
    <ClInclude Include="RenderCore\DX11\IResource.h">
      <Filter>RenderCore\DX11\Resource</Filter>
    </ClInclude>
    <ClInclude Include="RenderCore\DX11\IncludeDX11.h">
      <Filter>RenderCore\DX11</Filter>
    </ClInclude>
    <ClInclude Include="RenderCore\DX11\IndexBuffer.h">
      <Filter>RenderCore\DX11\Resource\Buffer\IndexBuffer</Filter>
    </ClInclude>
    <ClInclude Include="RenderCore\DX11\ConstBuffer.h">
      <Filter>RenderCore\DX11\Resource\Buffer\ConstBuffer</Filter>
    </ClInclude>
    <ClInclude Include="RenderCore\DX11\VertexBuffer.h">
      <Filter>RenderCore\DX11\Resource\Buffer\VertexBuffer</Filter>
    </ClInclude>
    <ClInclude Include="RenderCore\DX11\RenderTargetView.h">
      <Filter>RenderCore\DX11\Resource\View\RenderTargetView</Filter>
    </ClInclude>
    <ClInclude Include="RenderCore\DX11\DepthStencilView.h">
      <Filter>RenderCore\DX11\Resource\View\DepthStencilView</Filter>
    </ClInclude>
    <ClInclude Include="RenderCore\DX11\Shader.h">
      <Filter>RenderCore\DX11\Shader</Filter>
    </ClInclude>
    <ClInclude Include="RenderCore\DX11\SwapChain.h">
      <Filter>RenderCore\DX11\SwapChain</Filter>
    </ClInclude>
    <ClInclude Include="RenderCore\DX11\Texture.h">
      <Filter>RenderCore\DX11\Resource\Texture</Filter>
    </ClInclude>
    <ClInclude Include="RenderCore\DX11\MeshBuffer.h">
      <Filter>RenderCore\DX11\Resource\MeshBuffer</Filter>
    </ClInclude>
    <ClInclude Include="RenderCore\DX11\ShaderResourceView.h">
      <Filter>RenderCore\DX11\Resource\View\ShaderResourceView</Filter>
    </ClInclude>
    <ClInclude Include="RenderCore\DX11\InputLayout.h" />
    <ClInclude Include="RenderCore\DX11\State.h">
      <Filter>RenderCore\DX11\State</Filter>
    </ClInclude>
  </ItemGroup>
  <ItemGroup>
    <ResourceCompile Include="GraphicsEngine.rc" />
  </ItemGroup>
</Project>