<?xml version="1.0" encoding="utf-8"?>
<Project ToolsVersion="4.0" xmlns="http://schemas.microsoft.com/developer/msbuild/2003">
  <ItemGroup>
    <Filter Include="소스 파일">
      <UniqueIdentifier>{4FC737F1-C7A5-4376-A066-2A32D752A2FF}</UniqueIdentifier>
      <Extensions>cpp;c;cc;cxx;c++;cppm;ixx;def;odl;idl;hpj;bat;asm;asmx</Extensions>
    </Filter>
    <Filter Include="헤더 파일">
      <UniqueIdentifier>{93995380-89BD-4b04-88EB-625FBE52EBFB}</UniqueIdentifier>
      <Extensions>h;hh;hpp;hxx;h++;hm;inl;inc;ipp;xsd</Extensions>
    </Filter>
    <Filter Include="리소스 파일">
      <UniqueIdentifier>{67DA6AB6-F800-4c08-8B7A-83BB121AAD01}</UniqueIdentifier>
      <Extensions>rc;ico;cur;bmp;dlg;rc2;rct;bin;rgs;gif;jpg;jpeg;jpe;resx;tiff;tif;png;wav;mfcribbon-ms</Extensions>
    </Filter>
  </ItemGroup>
  <ItemGroup>
    <ClInclude Include="src\PhysicsModule\framework.h">
      <Filter>헤더 파일</Filter>
    </ClInclude>
    <ClInclude Include="src\PhysicsModule\PhysicsPCH.h">
      <Filter>헤더 파일</Filter>
    </ClInclude>
    <ClInclude Include="inc\PhysicsModule\Metal\PhysicsMaterial.h">
      <Filter>헤더 파일</Filter>
    </ClInclude>
    <ClInclude Include="inc\PhysicsModule\IPhysicsImpl.h">
      <Filter>헤더 파일</Filter>
    </ClInclude>
    <ClInclude Include="inc\PhysicsModule\IPhysicsObject.h">
      <Filter>헤더 파일</Filter>
    </ClInclude>
    <ClInclude Include="inc\PhysicsModule\IPhysicsScene.h">
      <Filter>헤더 파일</Filter>
    </ClInclude>
    <ClInclude Include="inc\PhysicsModule\PhysicsFactory.h">
      <Filter>헤더 파일</Filter>
    </ClInclude>
    <ClInclude Include="inc\PhysicsModule\PhysicsInfo.h">
      <Filter>헤더 파일</Filter>
    </ClInclude>
    <ClInclude Include="inc\PhysicsModule\PhysicsObject.h">
      <Filter>헤더 파일</Filter>
    </ClInclude>
    <ClInclude Include="src\PhysicsModule\Metal\BaseErrorCallback.h">
      <Filter>헤더 파일</Filter>
    </ClInclude>
    <ClInclude Include="src\PhysicsModule\Metal\BaseEventCallBack.h">
      <Filter>헤더 파일</Filter>
    </ClInclude>
    <ClInclude Include="src\PhysicsModule\Metal\BaseQueryFilterCallback.h">
      <Filter>헤더 파일</Filter>
    </ClInclude>
    <ClInclude Include="src\PhysicsModule\Metal\RigidActor.h">
      <Filter>헤더 파일</Filter>
    </ClInclude>
    <ClInclude Include="src\PhysicsModule\Metal\Shape.h">
      <Filter>헤더 파일</Filter>
    </ClInclude>
    <ClInclude Include="src\PhysicsModule\PhysicsHelper.h">
      <Filter>헤더 파일</Filter>
    </ClInclude>
    <ClInclude Include="src\PhysicsModule\PhysicsImpl.h">
      <Filter>헤더 파일</Filter>
    </ClInclude>
    <ClInclude Include="src\PhysicsModule\PhysicsScene.h">
      <Filter>헤더 파일</Filter>
    </ClInclude>
  </ItemGroup>
  <ItemGroup>
    <ClCompile Include="src\PhysicsModule\dllmain.cpp">
      <Filter>소스 파일</Filter>
    </ClCompile>
    <ClCompile Include="src\PhysicsModule\PhysicsPCH.cpp">
      <Filter>소스 파일</Filter>
    </ClCompile>
    <ClCompile Include="src\PhysicsModule\Metal\BaseErrorCallback.cpp">
      <Filter>소스 파일</Filter>
    </ClCompile>
    <ClCompile Include="src\PhysicsModule\Metal\BaseEventCallBack.cpp">
      <Filter>소스 파일</Filter>
    </ClCompile>
    <ClCompile Include="src\PhysicsModule\Metal\BaseQueryFilterCallback.cpp">
      <Filter>소스 파일</Filter>
    </ClCompile>
    <ClCompile Include="src\PhysicsModule\Metal\PhysicsMaterial.cpp">
      <Filter>소스 파일</Filter>
    </ClCompile>
    <ClCompile Include="src\PhysicsModule\Metal\RigidActor.cpp">
      <Filter>소스 파일</Filter>
    </ClCompile>
    <ClCompile Include="src\PhysicsModule\Metal\Shape.cpp">
      <Filter>소스 파일</Filter>
    </ClCompile>
    <ClCompile Include="src\PhysicsModule\IPhysicsImpl.cpp">
      <Filter>소스 파일</Filter>
    </ClCompile>
    <ClCompile Include="src\PhysicsModule\PhysicsFactory.cpp">
      <Filter>소스 파일</Filter>
    </ClCompile>
    <ClCompile Include="src\PhysicsModule\PhysicsHelper.cpp">
      <Filter>소스 파일</Filter>
    </ClCompile>
    <ClCompile Include="src\PhysicsModule\PhysicsImpl.cpp">
      <Filter>소스 파일</Filter>
    </ClCompile>
    <ClCompile Include="src\PhysicsModule\PhysicsObject.cpp">
      <Filter>소스 파일</Filter>
    </ClCompile>
    <ClCompile Include="src\PhysicsModule\PhysicsScene.cpp">
      <Filter>소스 파일</Filter>
    </ClCompile>
  </ItemGroup>
</Project>