<?xml version="1.0" encoding="utf-8"?>
<Project ToolsVersion="4.0" xmlns="http://schemas.microsoft.com/developer/msbuild/2003">
  <ItemGroup>
    <Filter Include="소스 파일">
      <UniqueIdentifier>{4FC737F1-C7A5-4376-A066-2A32D752A2FF}</UniqueIdentifier>
      <Extensions>cpp;c;cc;cxx;c++;cppm;ixx;def;odl;idl;hpj;bat;asm;asmx</Extensions>
    </Filter>
    <Filter Include="헤더 파일">
      <UniqueIdentifier>{93995380-89BD-4b04-88EB-625FBE52EBFB}</UniqueIdentifier>
      <Extensions>h;hh;hpp;hxx;h++;hm;inl;inc;ipp;xsd</Extensions>
    </Filter>
    <Filter Include="리소스 파일">
      <UniqueIdentifier>{67DA6AB6-F800-4c08-8B7A-83BB121AAD01}</UniqueIdentifier>
      <Extensions>rc;ico;cur;bmp;dlg;rc2;rct;bin;rgs;gif;jpg;jpeg;jpe;resx;tiff;tif;png;wav;mfcribbon-ms</Extensions>
    </Filter>
    <Filter Include="inc">
      <UniqueIdentifier>{72b5ab2b-429c-4959-a46a-d89352c28d6d}</UniqueIdentifier>
    </Filter>
  </ItemGroup>
  <ItemGroup>
    <ClInclude Include="src\GameEngine\GameEnginePCH.h">
      <Filter>헤더 파일</Filter>
    </ClInclude>
    <ClInclude Include="inc\GameEngine\Core\GameObject.h">
      <Filter>헤더 파일</Filter>
    </ClInclude>
    <ClInclude Include="inc\GameEngine\Core\Component\Component.h">
      <Filter>헤더 파일</Filter>
    </ClInclude>
    <ClInclude Include="inc\GameEngine\Core\Scene.h">
      <Filter>헤더 파일</Filter>
    </ClInclude>
    <ClInclude Include="inc\GameEngine\Core\Component\Renderer.h">
      <Filter>헤더 파일</Filter>
    </ClInclude>
    <ClInclude Include="inc\GameEngine\Input.h">
      <Filter>헤더 파일</Filter>
    </ClInclude>
    <ClInclude Include="inc\GameEngine\Time.h">
      <Filter>헤더 파일</Filter>
    </ClInclude>
    <ClInclude Include="inc\GameEngine\Core\Component\MonoBehaviour.h">
      <Filter>헤더 파일</Filter>
    </ClInclude>
    <ClInclude Include="inc\GameEngine\Core\System\ComponentSystem.h">
      <Filter>헤더 파일</Filter>
    </ClInclude>
    <ClInclude Include="inc\GameEngine\Core\System\SceneSystem.h">
      <Filter>헤더 파일</Filter>
    </ClInclude>
    <ClInclude Include="inc\GameEngine\Core\Component\Transform.h">
      <Filter>헤더 파일</Filter>
    </ClInclude>
    <ClInclude Include="inc\GameEngine\Core\Resource\Resource.h">
      <Filter>헤더 파일</Filter>
    </ClInclude>
    <ClInclude Include="inc\GameEngine\Core\Resource\Mesh.h">
      <Filter>헤더 파일</Filter>
    </ClInclude>
    <ClInclude Include="inc\GameEngine\Core\Component\MeshFilter.h">
      <Filter>헤더 파일</Filter>
    </ClInclude>
    <ClInclude Include="inc\GameEngine\Core\System\Components.h">
      <Filter>헤더 파일</Filter>
    </ClInclude>
    <ClInclude Include="inc\GameEngine\Core\System\Resources.h">
      <Filter>헤더 파일</Filter>
    </ClInclude>
    <ClInclude Include="inc\GameEngine\Core\Resource\Texture.h">
      <Filter>헤더 파일</Filter>
    </ClInclude>
    <ClInclude Include="inc\GameEngine\Core\Resource\Material.h">
      <Filter>헤더 파일</Filter>
    </ClInclude>
    <ClInclude Include="inc\GameEngine\Core\Resource\Sprite.h">
      <Filter>헤더 파일</Filter>
    </ClInclude>
    <ClInclude Include="inc\GameEngine\Core\Resource\AudioClip.h">
      <Filter>헤더 파일</Filter>
    </ClInclude>
    <ClInclude Include="inc\GameEngine\Core\Application.h">
      <Filter>헤더 파일</Filter>
    </ClInclude>
    <ClInclude Include="inc\GameEngine\Core\System\GraphicsSystem.h">
      <Filter>헤더 파일</Filter>
    </ClInclude>
    <ClInclude Include="inc\GameEngine\Window.h">
      <Filter>헤더 파일</Filter>
    </ClInclude>
    <ClInclude Include="inc\GameEngine\GameEngineAPI.h">
      <Filter>헤더 파일</Filter>
    </ClInclude>
    <ClInclude Include="inc\GameEngine\SystemTimer.h">
      <Filter>헤더 파일</Filter>
    </ClInclude>
    <ClInclude Include="inc\GameEngine\Utility\Serialize\Serialization.h">
      <Filter>헤더 파일</Filter>
    </ClInclude>
    <ClInclude Include="inc\GameEngine\Core\Component\Camera.h">
      <Filter>헤더 파일</Filter>
    </ClInclude>
    <ClInclude Include="src\Test\TestScene.h">
      <Filter>헤더 파일</Filter>
    </ClInclude>
    <ClInclude Include="inc\GameEngine\Core\Component\MeshRenderer.h">
      <Filter>헤더 파일</Filter>
    </ClInclude>
    <ClInclude Include="inc\GameEngine\Core\Component\Light.h">
      <Filter>헤더 파일</Filter>
    </ClInclude>
    <ClInclude Include="src\Test\CameraController.h">
      <Filter>헤더 파일</Filter>
    </ClInclude>
    <ClInclude Include="inc\GameEngine\Core\Resource\Prefab.h">
      <Filter>헤더 파일</Filter>
    </ClInclude>
    <ClInclude Include="inc\GameEngine\Core\Component\SkinnedMeshRenderer.h">
      <Filter>헤더 파일</Filter>
    </ClInclude>
    <ClInclude Include="inc\GameEngine\Core\Resource\AnimationClip.h">
      <Filter>헤더 파일</Filter>
    </ClInclude>
    <ClInclude Include="inc\GameEngine\Core\Component\Animation.h">
      <Filter>헤더 파일</Filter>
    </ClInclude>
    <ClInclude Include="inc\GameEngine\Core\MetaDataInfo.h">
      <Filter>헤더 파일</Filter>
    </ClInclude>
  </ItemGroup>
  <ItemGroup>
    <ClCompile Include="src\GameEngine\Game_dllmain.cpp">
      <Filter>소스 파일</Filter>
    </ClCompile>
    <ClCompile Include="src\GameEngine\GameEnginePCH.cpp">
      <Filter>소스 파일</Filter>
    </ClCompile>
    <ClCompile Include="src\GameEngine\Core\GameObject.cpp">
      <Filter>소스 파일</Filter>
    </ClCompile>
    <ClCompile Include="src\GameEngine\Core\Component\Component.cpp">
      <Filter>소스 파일</Filter>
    </ClCompile>
    <ClCompile Include="src\GameEngine\Core\Scene.cpp">
      <Filter>소스 파일</Filter>
    </ClCompile>
    <ClCompile Include="src\GameEngine\Core\Component\Renderer.cpp">
      <Filter>소스 파일</Filter>
    </ClCompile>
    <ClCompile Include="src\GameEngine\Input.cpp">
      <Filter>소스 파일</Filter>
    </ClCompile>
    <ClCompile Include="src\GameEngine\Time.cpp">
      <Filter>소스 파일</Filter>
    </ClCompile>
    <ClCompile Include="src\GameEngine\Core\Component\MonoBehaviour.cpp">
      <Filter>소스 파일</Filter>
    </ClCompile>
    <ClCompile Include="src\GameEngine\Core\System\ComponentSystem.cpp">
      <Filter>소스 파일</Filter>
    </ClCompile>
    <ClCompile Include="src\GameEngine\Core\System\SceneSystem.cpp">
      <Filter>소스 파일</Filter>
    </ClCompile>
    <ClCompile Include="src\GameEngine\Core\Component\Transform.cpp">
      <Filter>소스 파일</Filter>
    </ClCompile>
    <ClCompile Include="src\GameEngine\Core\Resource\Resource.cpp">
      <Filter>소스 파일</Filter>
    </ClCompile>
    <ClCompile Include="src\GameEngine\Core\Resource\Mesh.cpp">
      <Filter>소스 파일</Filter>
    </ClCompile>
    <ClCompile Include="src\GameEngine\Core\Component\MeshFilter.cpp">
      <Filter>소스 파일</Filter>
    </ClCompile>
    <ClCompile Include="src\GameEngine\Core\System\Components.cpp">
      <Filter>소스 파일</Filter>
    </ClCompile>
    <ClCompile Include="src\GameEngine\Core\Resource\Texture.cpp">
      <Filter>소스 파일</Filter>
    </ClCompile>
    <ClCompile Include="src\GameEngine\Core\Resource\Material.cpp">
      <Filter>소스 파일</Filter>
    </ClCompile>
    <ClCompile Include="src\GameEngine\Core\Resource\Sprite.cpp">
      <Filter>소스 파일</Filter>
    </ClCompile>
    <ClCompile Include="src\GameEngine\Core\Resource\AudioClip.cpp">
      <Filter>소스 파일</Filter>
    </ClCompile>
    <ClCompile Include="src\GameEngine\Core\Application.cpp">
      <Filter>소스 파일</Filter>
    </ClCompile>
    <ClCompile Include="src\GameEngine\Core\System\Resources.cpp">
      <Filter>소스 파일</Filter>
    </ClCompile>
    <ClCompile Include="src\GameEngine\Core\System\GraphicsSystem.cpp">
      <Filter>소스 파일</Filter>
    </ClCompile>
    <ClCompile Include="src\GameEngine\Window.cpp">
      <Filter>소스 파일</Filter>
    </ClCompile>
    <ClCompile Include="src\GameEngine\GameEngineAPI.cpp">
      <Filter>소스 파일</Filter>
    </ClCompile>
    <ClCompile Include="src\GameEngine\Core\Component\Camera.cpp">
      <Filter>소스 파일</Filter>
    </ClCompile>
    <ClCompile Include="src\Test\TestScene.cpp">
      <Filter>소스 파일</Filter>
    </ClCompile>
    <ClCompile Include="src\GameEngine\Core\Component\MeshRenderer.cpp">
      <Filter>소스 파일</Filter>
    </ClCompile>
    <ClCompile Include="src\GameEngine\Core\Component\Light.cpp">
      <Filter>소스 파일</Filter>
    </ClCompile>
    <ClCompile Include="src\Test\CameraController.cpp">
      <Filter>소스 파일</Filter>
    </ClCompile>
    <ClCompile Include="src\GameEngine\Core\Resource\Prefab.cpp">
      <Filter>소스 파일</Filter>
    </ClCompile>
    <ClCompile Include="src\GameEngine\Core\Component\SkinnedMeshRenderer.cpp">
      <Filter>소스 파일</Filter>
    </ClCompile>
    <ClCompile Include="src\GameEngine\Core\Component\Animation.cpp">
      <Filter>소스 파일</Filter>
    </ClCompile>
    <ClCompile Include="src\GameEngine\Core\Resource\AnimationClip.cpp">
      <Filter>소스 파일</Filter>
    </ClCompile>
    <ClCompile Include="src\GameEngine\Utility\Serialize\Serialization.cpp">
      <Filter>소스 파일</Filter>
    </ClCompile>
  </ItemGroup>
  <ItemGroup>
    <None Include="inc\GameEngine\Core\Component\Component.inl">
      <Filter>헤더 파일</Filter>
    </None>
    <None Include="inc\GameEngine\Core\GameObject.inl">
      <Filter>헤더 파일</Filter>
    </None>
  </ItemGroup>
</Project>